
Microsoft Visual Studio Solution File, Format Version 12.00
# Visual Studio Version 17
VisualStudioVersion = 17.7.34003.232
MinimumVisualStudioVersion = 10.0.40219.1
Project("{9A19103F-16F7-4668-BE54-9A1E7A4F7556}") = "BulkyBookWeb", "BulkyBookWeb\BulkyBookWeb.csproj", "{5E386FD9-67F0-45B7-82F9-94884235AF98}"
EndProject
Project("{9A19103F-16F7-4668-BE54-9A1E7A4F7556}") = "BulkyBook.Models", "BulkyBook.Models\BulkyBook.Models.csproj", "{1EB0D6B0-999C-4C25-8F91-99025B8C73F8}"
EndProject
Project("{9A19103F-16F7-4668-BE54-9A1E7A4F7556}") = "BulkyBook.Utility", "BulkyBook.Utility\BulkyBook.Utility.csproj", "{9A82420E-668A-430F-B12A-EFED4D3CBAF7}"
EndProject
Global
	GlobalSection(SolutionConfigurationPlatforms) = preSolution
		Debug|Any CPU = Debug|Any CPU
		Release|Any CPU = Release|Any CPU
	EndGlobalSection
	GlobalSection(ProjectConfigurationPlatforms) = postSolution
		{5E386FD9-67F0-45B7-82F9-94884235AF98}.Debug|Any CPU.ActiveCfg = Debug|Any CPU
		{5E386FD9-67F0-45B7-82F9-94884235AF98}.Debug|Any CPU.Build.0 = Debug|Any CPU
		{5E386FD9-67F0-45B7-82F9-94884235AF98}.Release|Any CPU.ActiveCfg = Release|Any CPU
		{5E386FD9-67F0-45B7-82F9-94884235AF98}.Release|Any CPU.Build.0 = Release|Any CPU
		{1EB0D6B0-999C-4C25-8F91-99025B8C73F8}.Debug|Any CPU.ActiveCfg = Debug|Any CPU
		{1EB0D6B0-999C-4C25-8F91-99025B8C73F8}.Debug|Any CPU.Build.0 = Debug|Any CPU
		{1EB0D6B0-999C-4C25-8F91-99025B8C73F8}.Release|Any CPU.ActiveCfg = Release|Any CPU
		{1EB0D6B0-999C-4C25-8F91-99025B8C73F8}.Release|Any CPU.Build.0 = Release|Any CPU
		{9A82420E-668A-430F-B12A-EFED4D3CBAF7}.Debug|Any CPU.ActiveCfg = Debug|Any CPU
		{9A82420E-668A-430F-B12A-EFED4D3CBAF7}.Debug|Any CPU.Build.0 = Debug|Any CPU
		{9A82420E-668A-430F-B12A-EFED4D3CBAF7}.Release|Any CPU.ActiveCfg = Release|Any CPU
		{9A82420E-668A-430F-B12A-EFED4D3CBAF7}.Release|Any CPU.Build.0 = Release|Any CPU
	EndGlobalSection
	GlobalSection(SolutionProperties) = preSolution
		HideSolutionNode = FALSE
	EndGlobalSection
	GlobalSection(ExtensibilityGlobals) = postSolution
		SolutionGuid = {35960350-3606-4F4C-8B40-56C9ED0111BA}
	EndGlobalSection
EndGlobal
